// !$*UTF8*$!
{
	archiveVersion = 1;
	classes = {
	};
	objectVersion = 50;
	objects = {

/* Begin PBXBuildFile section */
		04223E8822C5AC2B00B8E559 /* ghostly.mp3 in Resources */ = {isa = PBXBuildFile; fileRef = 04223E8722C5AC2B00B8E559 /* ghostly.mp3 */; };
		04279A3322AE7B9C00CA48F0 /* AppDelegate.swift in Sources */ = {isa = PBXBuildFile; fileRef = 04279A3222AE7B9C00CA48F0 /* AppDelegate.swift */; };
		04279A3522AE7B9C00CA48F0 /* ViewController.swift in Sources */ = {isa = PBXBuildFile; fileRef = 04279A3422AE7B9C00CA48F0 /* ViewController.swift */; };
		04279A3822AE7B9C00CA48F0 /* Main.storyboard in Resources */ = {isa = PBXBuildFile; fileRef = 04279A3622AE7B9C00CA48F0 /* Main.storyboard */; };
		04279A3A22AE7B9D00CA48F0 /* Assets.xcassets in Resources */ = {isa = PBXBuildFile; fileRef = 04279A3922AE7B9D00CA48F0 /* Assets.xcassets */; };
		04279A3D22AE7B9D00CA48F0 /* LaunchScreen.storyboard in Resources */ = {isa = PBXBuildFile; fileRef = 04279A3B22AE7B9D00CA48F0 /* LaunchScreen.storyboard */; };
		04279A4822AE7B9D00CA48F0 /* Nasty_PumpkinsTests.swift in Sources */ = {isa = PBXBuildFile; fileRef = 04279A4722AE7B9D00CA48F0 /* Nasty_PumpkinsTests.swift */; };
		04279A5322AE7B9D00CA48F0 /* Nasty_PumpkinsUITests.swift in Sources */ = {isa = PBXBuildFile; fileRef = 04279A5222AE7B9D00CA48F0 /* Nasty_PumpkinsUITests.swift */; };
		04279A6322AE7FBB00CA48F0 /* Media.scnassets in Resources */ = {isa = PBXBuildFile; fileRef = 04279A6222AE7FBB00CA48F0 /* Media.scnassets */; };
		04279A6522AE825A00CA48F0 /* menuPage.swift in Sources */ = {isa = PBXBuildFile; fileRef = 04279A6422AE825A00CA48F0 /* menuPage.swift */; };
		04279A6B22AF67D000CA48F0 /* CircularProgress.swift in Sources */ = {isa = PBXBuildFile; fileRef = 04279A6A22AF67D000CA48F0 /* CircularProgress.swift */; };
		0B29602222B33D2000375D31 /* ObjectBoundriesBean.swift in Sources */ = {isa = PBXBuildFile; fileRef = 0B29602122B33D2000375D31 /* ObjectBoundriesBean.swift */; };
		0BD2DD8422DC43D800C61FE0 /* ShapeDetection.framework in Frameworks */ = {isa = PBXBuildFile; fileRef = 0BD2DD8322DC43D800C61FE0 /* ShapeDetection.framework */; };
		0BD2DD8522DC43D800C61FE0 /* ShapeDetection.framework in Embed Frameworks */ = {isa = PBXBuildFile; fileRef = 0BD2DD8322DC43D800C61FE0 /* ShapeDetection.framework */; settings = {ATTRIBUTES = (CodeSignOnCopy, RemoveHeadersOnCopy, ); }; };
/* End PBXBuildFile section */

/* Begin PBXContainerItemProxy section */
		04279A4422AE7B9D00CA48F0 /* PBXContainerItemProxy */ = {
			isa = PBXContainerItemProxy;
			containerPortal = 04279A2722AE7B9C00CA48F0 /* Project object */;
			proxyType = 1;
			remoteGlobalIDString = 04279A2E22AE7B9C00CA48F0;
			remoteInfo = "Nasty Pumpkins";
		};
		04279A4F22AE7B9D00CA48F0 /* PBXContainerItemProxy */ = {
			isa = PBXContainerItemProxy;
			containerPortal = 04279A2722AE7B9C00CA48F0 /* Project object */;
			proxyType = 1;
			remoteGlobalIDString = 04279A2E22AE7B9C00CA48F0;
			remoteInfo = "Nasty Pumpkins";
		};
/* End PBXContainerItemProxy section */

/* Begin PBXCopyFilesBuildPhase section */
		0BD2DD8222DC39C400C61FE0 /* Embed Frameworks */ = {
			isa = PBXCopyFilesBuildPhase;
			buildActionMask = 2147483647;
			dstPath = "";
			dstSubfolderSpec = 10;
			files = (
				0BD2DD8522DC43D800C61FE0 /* ShapeDetection.framework in Embed Frameworks */,
			);
			name = "Embed Frameworks";
			runOnlyForDeploymentPostprocessing = 0;
		};
/* End PBXCopyFilesBuildPhase section */

/* Begin PBXFileReference section */
		04223E8722C5AC2B00B8E559 /* ghostly.mp3 */ = {isa = PBXFileReference; lastKnownFileType = audio.mp3; path = ghostly.mp3; sourceTree = "<group>"; };
		04279A2F22AE7B9C00CA48F0 /* Nasty Pumpkins.app */ = {isa = PBXFileReference; explicitFileType = wrapper.application; includeInIndex = 0; path = "Nasty Pumpkins.app"; sourceTree = BUILT_PRODUCTS_DIR; };
		04279A3222AE7B9C00CA48F0 /* AppDelegate.swift */ = {isa = PBXFileReference; lastKnownFileType = sourcecode.swift; path = AppDelegate.swift; sourceTree = "<group>"; };
		04279A3422AE7B9C00CA48F0 /* ViewController.swift */ = {isa = PBXFileReference; lastKnownFileType = sourcecode.swift; path = ViewController.swift; sourceTree = "<group>"; };
		04279A3722AE7B9C00CA48F0 /* Base */ = {isa = PBXFileReference; lastKnownFileType = file.storyboard; name = Base; path = Base.lproj/Main.storyboard; sourceTree = "<group>"; };
		04279A3922AE7B9D00CA48F0 /* Assets.xcassets */ = {isa = PBXFileReference; lastKnownFileType = folder.assetcatalog; path = Assets.xcassets; sourceTree = "<group>"; };
		04279A3C22AE7B9D00CA48F0 /* Base */ = {isa = PBXFileReference; lastKnownFileType = file.storyboard; name = Base; path = Base.lproj/LaunchScreen.storyboard; sourceTree = "<group>"; };
		04279A3E22AE7B9D00CA48F0 /* Info.plist */ = {isa = PBXFileReference; lastKnownFileType = text.plist.xml; name = Info.plist; path = "Nasty Pumpkins/Info.plist"; sourceTree = SOURCE_ROOT; };
		04279A4322AE7B9D00CA48F0 /* Nasty PumpkinsTests.xctest */ = {isa = PBXFileReference; explicitFileType = wrapper.cfbundle; includeInIndex = 0; path = "Nasty PumpkinsTests.xctest"; sourceTree = BUILT_PRODUCTS_DIR; };
		04279A4722AE7B9D00CA48F0 /* Nasty_PumpkinsTests.swift */ = {isa = PBXFileReference; lastKnownFileType = sourcecode.swift; path = Nasty_PumpkinsTests.swift; sourceTree = "<group>"; };
		04279A4922AE7B9D00CA48F0 /* Info.plist */ = {isa = PBXFileReference; lastKnownFileType = text.plist.xml; path = Info.plist; sourceTree = "<group>"; };
		04279A4E22AE7B9D00CA48F0 /* Nasty PumpkinsUITests.xctest */ = {isa = PBXFileReference; explicitFileType = wrapper.cfbundle; includeInIndex = 0; path = "Nasty PumpkinsUITests.xctest"; sourceTree = BUILT_PRODUCTS_DIR; };
		04279A5222AE7B9D00CA48F0 /* Nasty_PumpkinsUITests.swift */ = {isa = PBXFileReference; lastKnownFileType = sourcecode.swift; path = Nasty_PumpkinsUITests.swift; sourceTree = "<group>"; };
		04279A5422AE7B9D00CA48F0 /* Info.plist */ = {isa = PBXFileReference; lastKnownFileType = text.plist.xml; path = Info.plist; sourceTree = "<group>"; };
		04279A6222AE7FBB00CA48F0 /* Media.scnassets */ = {isa = PBXFileReference; lastKnownFileType = wrapper.scnassets; path = Media.scnassets; sourceTree = "<group>"; };
		04279A6422AE825A00CA48F0 /* menuPage.swift */ = {isa = PBXFileReference; lastKnownFileType = sourcecode.swift; path = menuPage.swift; sourceTree = "<group>"; };
		04279A6A22AF67D000CA48F0 /* CircularProgress.swift */ = {isa = PBXFileReference; lastKnownFileType = sourcecode.swift; path = CircularProgress.swift; sourceTree = "<group>"; };
		0B29602122B33D2000375D31 /* ObjectBoundriesBean.swift */ = {isa = PBXFileReference; fileEncoding = 4; lastKnownFileType = sourcecode.swift; path = ObjectBoundriesBean.swift; sourceTree = "<group>"; };
		0BD2DD8322DC43D800C61FE0 /* ShapeDetection.framework */ = {isa = PBXFileReference; lastKnownFileType = wrapper.framework; path = ShapeDetection.framework; sourceTree = "<group>"; };
/* End PBXFileReference section */

/* Begin PBXFrameworksBuildPhase section */
		04279A2C22AE7B9C00CA48F0 /* Frameworks */ = {
			isa = PBXFrameworksBuildPhase;
			buildActionMask = 2147483647;
			files = (
				0BD2DD8422DC43D800C61FE0 /* ShapeDetection.framework in Frameworks */,
			);
			runOnlyForDeploymentPostprocessing = 0;
		};
		04279A4022AE7B9D00CA48F0 /* Frameworks */ = {
			isa = PBXFrameworksBuildPhase;
			buildActionMask = 2147483647;
			files = (
			);
			runOnlyForDeploymentPostprocessing = 0;
		};
		04279A4B22AE7B9D00CA48F0 /* Frameworks */ = {
			isa = PBXFrameworksBuildPhase;
			buildActionMask = 2147483647;
			files = (
			);
			runOnlyForDeploymentPostprocessing = 0;
		};
/* End PBXFrameworksBuildPhase section */

/* Begin PBXGroup section */
		04223E8622C5AC1400B8E559 /* Music */ = {
			isa = PBXGroup;
			children = (
				04223E8722C5AC2B00B8E559 /* ghostly.mp3 */,
			);
			path = Music;
			sourceTree = "<group>";
		};
		04279A2622AE7B9C00CA48F0 = {
			isa = PBXGroup;
			children = (
				0BD2DD8322DC43D800C61FE0 /* ShapeDetection.framework */,
				04279A3122AE7B9C00CA48F0 /* Nasty Pumpkins */,
				04279A4622AE7B9D00CA48F0 /* Nasty PumpkinsTests */,
				04279A5122AE7B9D00CA48F0 /* Nasty PumpkinsUITests */,
				04279A3022AE7B9C00CA48F0 /* Products */,
			);
			sourceTree = "<group>";
		};
		04279A3022AE7B9C00CA48F0 /* Products */ = {
			isa = PBXGroup;
			children = (
				04279A2F22AE7B9C00CA48F0 /* Nasty Pumpkins.app */,
				04279A4322AE7B9D00CA48F0 /* Nasty PumpkinsTests.xctest */,
				04279A4E22AE7B9D00CA48F0 /* Nasty PumpkinsUITests.xctest */,
			);
			name = Products;
			sourceTree = "<group>";
		};
		04279A3122AE7B9C00CA48F0 /* Nasty Pumpkins */ = {
			isa = PBXGroup;
			children = (
				04279A3222AE7B9C00CA48F0 /* AppDelegate.swift */,
				04279A3422AE7B9C00CA48F0 /* ViewController.swift */,
				04279A3622AE7B9C00CA48F0 /* Main.storyboard */,
				0B29602122B33D2000375D31 /* ObjectBoundriesBean.swift */,
				04279A3922AE7B9D00CA48F0 /* Assets.xcassets */,
				04223E8622C5AC1400B8E559 /* Music */,
				04279A3B22AE7B9D00CA48F0 /* LaunchScreen.storyboard */,
				04279A3E22AE7B9D00CA48F0 /* Info.plist */,
				04279A6222AE7FBB00CA48F0 /* Media.scnassets */,
				04279A6422AE825A00CA48F0 /* menuPage.swift */,
				04279A6A22AF67D000CA48F0 /* CircularProgress.swift */,
			);
			path = "Nasty Pumpkins";
			sourceTree = "<group>";
		};
		04279A4622AE7B9D00CA48F0 /* Nasty PumpkinsTests */ = {
			isa = PBXGroup;
			children = (
				04279A4722AE7B9D00CA48F0 /* Nasty_PumpkinsTests.swift */,
				04279A4922AE7B9D00CA48F0 /* Info.plist */,
			);
			path = "Nasty PumpkinsTests";
			sourceTree = "<group>";
		};
		04279A5122AE7B9D00CA48F0 /* Nasty PumpkinsUITests */ = {
			isa = PBXGroup;
			children = (
				04279A5222AE7B9D00CA48F0 /* Nasty_PumpkinsUITests.swift */,
				04279A5422AE7B9D00CA48F0 /* Info.plist */,
			);
			path = "Nasty PumpkinsUITests";
			sourceTree = "<group>";
		};
/* End PBXGroup section */

/* Begin PBXNativeTarget section */
		04279A2E22AE7B9C00CA48F0 /* Nasty Pumpkins */ = {
			isa = PBXNativeTarget;
			buildConfigurationList = 04279A5722AE7B9D00CA48F0 /* Build configuration list for PBXNativeTarget "Nasty Pumpkins" */;
			buildPhases = (
				04279A2B22AE7B9C00CA48F0 /* Sources */,
				04279A2C22AE7B9C00CA48F0 /* Frameworks */,
				04279A2D22AE7B9C00CA48F0 /* Resources */,
				0BD2DD8222DC39C400C61FE0 /* Embed Frameworks */,
			);
			buildRules = (
			);
			dependencies = (
			);
			name = "Nasty Pumpkins";
			productName = "Nasty Pumpkins";
			productReference = 04279A2F22AE7B9C00CA48F0 /* Nasty Pumpkins.app */;
			productType = "com.apple.product-type.application";
		};
		04279A4222AE7B9D00CA48F0 /* Nasty PumpkinsTests */ = {
			isa = PBXNativeTarget;
			buildConfigurationList = 04279A5A22AE7B9D00CA48F0 /* Build configuration list for PBXNativeTarget "Nasty PumpkinsTests" */;
			buildPhases = (
				04279A3F22AE7B9D00CA48F0 /* Sources */,
				04279A4022AE7B9D00CA48F0 /* Frameworks */,
				04279A4122AE7B9D00CA48F0 /* Resources */,
			);
			buildRules = (
			);
			dependencies = (
				04279A4522AE7B9D00CA48F0 /* PBXTargetDependency */,
			);
			name = "Nasty PumpkinsTests";
			productName = "Nasty PumpkinsTests";
			productReference = 04279A4322AE7B9D00CA48F0 /* Nasty PumpkinsTests.xctest */;
			productType = "com.apple.product-type.bundle.unit-test";
		};
		04279A4D22AE7B9D00CA48F0 /* Nasty PumpkinsUITests */ = {
			isa = PBXNativeTarget;
			buildConfigurationList = 04279A5D22AE7B9D00CA48F0 /* Build configuration list for PBXNativeTarget "Nasty PumpkinsUITests" */;
			buildPhases = (
				04279A4A22AE7B9D00CA48F0 /* Sources */,
				04279A4B22AE7B9D00CA48F0 /* Frameworks */,
				04279A4C22AE7B9D00CA48F0 /* Resources */,
			);
			buildRules = (
			);
			dependencies = (
				04279A5022AE7B9D00CA48F0 /* PBXTargetDependency */,
			);
			name = "Nasty PumpkinsUITests";
			productName = "Nasty PumpkinsUITests";
			productReference = 04279A4E22AE7B9D00CA48F0 /* Nasty PumpkinsUITests.xctest */;
			productType = "com.apple.product-type.bundle.ui-testing";
		};
/* End PBXNativeTarget section */

/* Begin PBXProject section */
		04279A2722AE7B9C00CA48F0 /* Project object */ = {
			isa = PBXProject;
			attributes = {
				LastSwiftUpdateCheck = 1020;
				LastUpgradeCheck = 1020;
				ORGANIZATIONNAME = "Aditya Gupta";
				TargetAttributes = {
					04279A2E22AE7B9C00CA48F0 = {
						CreatedOnToolsVersion = 10.2.1;
					};
					04279A4222AE7B9D00CA48F0 = {
						CreatedOnToolsVersion = 10.2.1;
						TestTargetID = 04279A2E22AE7B9C00CA48F0;
					};
					04279A4D22AE7B9D00CA48F0 = {
						CreatedOnToolsVersion = 10.2.1;
						TestTargetID = 04279A2E22AE7B9C00CA48F0;
					};
				};
			};
			buildConfigurationList = 04279A2A22AE7B9C00CA48F0 /* Build configuration list for PBXProject "Nasty Pumpkins" */;
			compatibilityVersion = "Xcode 9.3";
			developmentRegion = en;
			hasScannedForEncodings = 0;
			knownRegions = (
				en,
				Base,
			);
			mainGroup = 04279A2622AE7B9C00CA48F0;
			productRefGroup = 04279A3022AE7B9C00CA48F0 /* Products */;
			projectDirPath = "";
			projectRoot = "";
			targets = (
				04279A2E22AE7B9C00CA48F0 /* Nasty Pumpkins */,
				04279A4222AE7B9D00CA48F0 /* Nasty PumpkinsTests */,
				04279A4D22AE7B9D00CA48F0 /* Nasty PumpkinsUITests */,
			);
		};
/* End PBXProject section */

/* Begin PBXResourcesBuildPhase section */
		04279A2D22AE7B9C00CA48F0 /* Resources */ = {
			isa = PBXResourcesBuildPhase;
			buildActionMask = 2147483647;
			files = (
				04279A3D22AE7B9D00CA48F0 /* LaunchScreen.storyboard in Resources */,
				04223E8822C5AC2B00B8E559 /* ghostly.mp3 in Resources */,
				04279A3A22AE7B9D00CA48F0 /* Assets.xcassets in Resources */,
				04279A6322AE7FBB00CA48F0 /* Media.scnassets in Resources */,
				04279A3822AE7B9C00CA48F0 /* Main.storyboard in Resources */,
			);
			runOnlyForDeploymentPostprocessing = 0;
		};
		04279A4122AE7B9D00CA48F0 /* Resources */ = {
			isa = PBXResourcesBuildPhase;
			buildActionMask = 2147483647;
			files = (
			);
			runOnlyForDeploymentPostprocessing = 0;
		};
		04279A4C22AE7B9D00CA48F0 /* Resources */ = {
			isa = PBXResourcesBuildPhase;
			buildActionMask = 2147483647;
			files = (
			);
			runOnlyForDeploymentPostprocessing = 0;
		};
/* End PBXResourcesBuildPhase section */

/* Begin PBXSourcesBuildPhase section */
		04279A2B22AE7B9C00CA48F0 /* Sources */ = {
			isa = PBXSourcesBuildPhase;
			buildActionMask = 2147483647;
			files = (
				0B29602222B33D2000375D31 /* ObjectBoundriesBean.swift in Sources */,
				04279A6B22AF67D000CA48F0 /* CircularProgress.swift in Sources */,
				04279A3522AE7B9C00CA48F0 /* ViewController.swift in Sources */,
				04279A6522AE825A00CA48F0 /* menuPage.swift in Sources */,
				04279A3322AE7B9C00CA48F0 /* AppDelegate.swift in Sources */,
			);
			runOnlyForDeploymentPostprocessing = 0;
		};
		04279A3F22AE7B9D00CA48F0 /* Sources */ = {
			isa = PBXSourcesBuildPhase;
			buildActionMask = 2147483647;
			files = (
				04279A4822AE7B9D00CA48F0 /* Nasty_PumpkinsTests.swift in Sources */,
			);
			runOnlyForDeploymentPostprocessing = 0;
		};
		04279A4A22AE7B9D00CA48F0 /* Sources */ = {
			isa = PBXSourcesBuildPhase;
			buildActionMask = 2147483647;
			files = (
				04279A5322AE7B9D00CA48F0 /* Nasty_PumpkinsUITests.swift in Sources */,
			);
			runOnlyForDeploymentPostprocessing = 0;
		};
/* End PBXSourcesBuildPhase section */

/* Begin PBXTargetDependency section */
		04279A4522AE7B9D00CA48F0 /* PBXTargetDependency */ = {
			isa = PBXTargetDependency;
			target = 04279A2E22AE7B9C00CA48F0 /* Nasty Pumpkins */;
			targetProxy = 04279A4422AE7B9D00CA48F0 /* PBXContainerItemProxy */;
		};
		04279A5022AE7B9D00CA48F0 /* PBXTargetDependency */ = {
			isa = PBXTargetDependency;
			target = 04279A2E22AE7B9C00CA48F0 /* Nasty Pumpkins */;
			targetProxy = 04279A4F22AE7B9D00CA48F0 /* PBXContainerItemProxy */;
		};
/* End PBXTargetDependency section */

/* Begin PBXVariantGroup section */
		04279A3622AE7B9C00CA48F0 /* Main.storyboard */ = {
			isa = PBXVariantGroup;
			children = (
				04279A3722AE7B9C00CA48F0 /* Base */,
			);
			name = Main.storyboard;
			sourceTree = "<group>";
		};
		04279A3B22AE7B9D00CA48F0 /* LaunchScreen.storyboard */ = {
			isa = PBXVariantGroup;
			children = (
				04279A3C22AE7B9D00CA48F0 /* Base */,
			);
			name = LaunchScreen.storyboard;
			sourceTree = "<group>";
		};
/* End PBXVariantGroup section */

/* Begin XCBuildConfiguration section */
		04279A5522AE7B9D00CA48F0 /* Debug */ = {
			isa = XCBuildConfiguration;
			buildSettings = {
				ALWAYS_SEARCH_USER_PATHS = NO;
				CLANG_ANALYZER_NONNULL = YES;
				CLANG_ANALYZER_NUMBER_OBJECT_CONVERSION = YES_AGGRESSIVE;
				CLANG_CXX_LANGUAGE_STANDARD = "gnu++14";
				CLANG_CXX_LIBRARY = "libc++";
				CLANG_ENABLE_MODULES = YES;
				CLANG_ENABLE_OBJC_ARC = YES;
				CLANG_ENABLE_OBJC_WEAK = YES;
				CLANG_WARN_BLOCK_CAPTURE_AUTORELEASING = YES;
				CLANG_WARN_BOOL_CONVERSION = YES;
				CLANG_WARN_COMMA = YES;
				CLANG_WARN_CONSTANT_CONVERSION = YES;
				CLANG_WARN_DEPRECATED_OBJC_IMPLEMENTATIONS = YES;
				CLANG_WARN_DIRECT_OBJC_ISA_USAGE = YES_ERROR;
				CLANG_WARN_DOCUMENTATION_COMMENTS = YES;
				CLANG_WARN_EMPTY_BODY = YES;
				CLANG_WARN_ENUM_CONVERSION = YES;
				CLANG_WARN_INFINITE_RECURSION = YES;
				CLANG_WARN_INT_CONVERSION = YES;
				CLANG_WARN_NON_LITERAL_NULL_CONVERSION = YES;
				CLANG_WARN_OBJC_IMPLICIT_RETAIN_SELF = YES;
				CLANG_WARN_OBJC_LITERAL_CONVERSION = YES;
				CLANG_WARN_OBJC_ROOT_CLASS = YES_ERROR;
				CLANG_WARN_RANGE_LOOP_ANALYSIS = YES;
				CLANG_WARN_STRICT_PROTOTYPES = YES;
				CLANG_WARN_SUSPICIOUS_MOVE = YES;
				CLANG_WARN_UNGUARDED_AVAILABILITY = YES_AGGRESSIVE;
				CLANG_WARN_UNREACHABLE_CODE = YES;
				CLANG_WARN__DUPLICATE_METHOD_MATCH = YES;
				CODE_SIGN_IDENTITY = "iPhone Developer";
				COPY_PHASE_STRIP = NO;
				DEBUG_INFORMATION_FORMAT = dwarf;
				ENABLE_STRICT_OBJC_MSGSEND = YES;
				ENABLE_TESTABILITY = YES;
				GCC_C_LANGUAGE_STANDARD = gnu11;
				GCC_DYNAMIC_NO_PIC = NO;
				GCC_NO_COMMON_BLOCKS = YES;
				GCC_OPTIMIZATION_LEVEL = 0;
				GCC_PREPROCESSOR_DEFINITIONS = (
					"DEBUG=1",
					"$(inherited)",
				);
				GCC_WARN_64_TO_32_BIT_CONVERSION = YES;
				GCC_WARN_ABOUT_RETURN_TYPE = YES_ERROR;
				GCC_WARN_UNDECLARED_SELECTOR = YES;
				GCC_WARN_UNINITIALIZED_AUTOS = YES_AGGRESSIVE;
				GCC_WARN_UNUSED_FUNCTION = YES;
				GCC_WARN_UNUSED_VARIABLE = YES;
				IPHONEOS_DEPLOYMENT_TARGET = 12.2;
				MTL_ENABLE_DEBUG_INFO = INCLUDE_SOURCE;
				MTL_FAST_MATH = YES;
				ONLY_ACTIVE_ARCH = YES;
				SDKROOT = iphoneos;
				SWIFT_ACTIVE_COMPILATION_CONDITIONS = DEBUG;
				SWIFT_OPTIMIZATION_LEVEL = "-Onone";
			};
			name = Debug;
		};
		04279A5622AE7B9D00CA48F0 /* Release */ = {
			isa = XCBuildConfiguration;
			buildSettings = {
				ALWAYS_SEARCH_USER_PATHS = NO;
				CLANG_ANALYZER_NONNULL = YES;
				CLANG_ANALYZER_NUMBER_OBJECT_CONVERSION = YES_AGGRESSIVE;
				CLANG_CXX_LANGUAGE_STANDARD = "gnu++14";
				CLANG_CXX_LIBRARY = "libc++";
				CLANG_ENABLE_MODULES = YES;
				CLANG_ENABLE_OBJC_ARC = YES;
				CLANG_ENABLE_OBJC_WEAK = YES;
				CLANG_WARN_BLOCK_CAPTURE_AUTORELEASING = YES;
				CLANG_WARN_BOOL_CONVERSION = YES;
				CLANG_WARN_COMMA = YES;
				CLANG_WARN_CONSTANT_CONVERSION = YES;
				CLANG_WARN_DEPRECATED_OBJC_IMPLEMENTATIONS = YES;
				CLANG_WARN_DIRECT_OBJC_ISA_USAGE = YES_ERROR;
				CLANG_WARN_DOCUMENTATION_COMMENTS = YES;
				CLANG_WARN_EMPTY_BODY = YES;
				CLANG_WARN_ENUM_CONVERSION = YES;
				CLANG_WARN_INFINITE_RECURSION = YES;
				CLANG_WARN_INT_CONVERSION = YES;
				CLANG_WARN_NON_LITERAL_NULL_CONVERSION = YES;
				CLANG_WARN_OBJC_IMPLICIT_RETAIN_SELF = YES;
				CLANG_WARN_OBJC_LITERAL_CONVERSION = YES;
				CLANG_WARN_OBJC_ROOT_CLASS = YES_ERROR;
				CLANG_WARN_RANGE_LOOP_ANALYSIS = YES;
				CLANG_WARN_STRICT_PROTOTYPES = YES;
				CLANG_WARN_SUSPICIOUS_MOVE = YES;
				CLANG_WARN_UNGUARDED_AVAILABILITY = YES_AGGRESSIVE;
				CLANG_WARN_UNREACHABLE_CODE = YES;
				CLANG_WARN__DUPLICATE_METHOD_MATCH = YES;
				CODE_SIGN_IDENTITY = "iPhone Developer";
				COPY_PHASE_STRIP = NO;
				DEBUG_INFORMATION_FORMAT = "dwarf-with-dsym";
				ENABLE_NS_ASSERTIONS = NO;
				ENABLE_STRICT_OBJC_MSGSEND = YES;
				GCC_C_LANGUAGE_STANDARD = gnu11;
				GCC_NO_COMMON_BLOCKS = YES;
				GCC_WARN_64_TO_32_BIT_CONVERSION = YES;
				GCC_WARN_ABOUT_RETURN_TYPE = YES_ERROR;
				GCC_WARN_UNDECLARED_SELECTOR = YES;
				GCC_WARN_UNINITIALIZED_AUTOS = YES_AGGRESSIVE;
				GCC_WARN_UNUSED_FUNCTION = YES;
				GCC_WARN_UNUSED_VARIABLE = YES;
				IPHONEOS_DEPLOYMENT_TARGET = 12.2;
				MTL_ENABLE_DEBUG_INFO = NO;
				MTL_FAST_MATH = YES;
				SDKROOT = iphoneos;
				SWIFT_COMPILATION_MODE = wholemodule;
				SWIFT_OPTIMIZATION_LEVEL = "-O";
				VALIDATE_PRODUCT = YES;
			};
			name = Release;
		};
		04279A5822AE7B9D00CA48F0 /* Debug */ = {
			isa = XCBuildConfiguration;
			buildSettings = {
				ASSETCATALOG_COMPILER_APPICON_NAME = AppIcon;
				CODE_SIGN_STYLE = Automatic;
				DEVELOPMENT_TEAM = PRRQTLP9NJ;
				FRAMEWORK_SEARCH_PATHS = (
					"$(inherited)",
					"$(PROJECT_DIR)",
				);
				INFOPLIST_FILE = "Nasty Pumpkins/Info.plist";
				LD_RUNPATH_SEARCH_PATHS = (
					"$(inherited)",
					"@executable_path/Frameworks",
				);
				PRODUCT_BUNDLE_IDENTIFIER = test.counterapp.com.prj;
				PRODUCT_NAME = "$(TARGET_NAME)";
				SWIFT_VERSION = 5.0;
				TARGETED_DEVICE_FAMILY = "1,2";
			};
			name = Debug;
		};
		04279A5922AE7B9D00CA48F0 /* Release */ = {
			isa = XCBuildConfiguration;
			buildSettings = {
				ASSETCATALOG_COMPILER_APPICON_NAME = AppIcon;
				CODE_SIGN_STYLE = Automatic;
				DEVELOPMENT_TEAM = PRRQTLP9NJ;
				FRAMEWORK_SEARCH_PATHS = (
					"$(inherited)",
					"$(PROJECT_DIR)",
				);
				INFOPLIST_FILE = "Nasty Pumpkins/Info.plist";
				LD_RUNPATH_SEARCH_PATHS = (
					"$(inherited)",
					"@executable_path/Frameworks",
				);
				PRODUCT_BUNDLE_IDENTIFIER = test.counterapp.com.prj;
				PRODUCT_NAME = "$(TARGET_NAME)";
				SWIFT_VERSION = 5.0;
				TARGETED_DEVICE_FAMILY = "1,2";
			};
			name = Release;
		};
		04279A5B22AE7B9D00CA48F0 /* Debug */ = {
			isa = XCBuildConfiguration;
			buildSettings = {
				ALWAYS_EMBED_SWIFT_STANDARD_LIBRARIES = YES;
				BUNDLE_LOADER = "$(TEST_HOST)";
				CODE_SIGN_STYLE = Automatic;
				DEVELOPMENT_TEAM = 637TH2TD7Z;
				INFOPLIST_FILE = "Nasty PumpkinsTests/Info.plist";
				LD_RUNPATH_SEARCH_PATHS = (
					"$(inherited)",
					"@executable_path/Frameworks",
					"@loader_path/Frameworks",
				);
				PRODUCT_BUNDLE_IDENTIFIER = "test.Nasty-PumpkinsTests";
				PRODUCT_NAME = "$(TARGET_NAME)";
				SWIFT_VERSION = 5.0;
				TARGETED_DEVICE_FAMILY = "1,2";
				TEST_HOST = "$(BUILT_PRODUCTS_DIR)/Nasty Pumpkins.app/Nasty Pumpkins";
			};
			name = Debug;
		};
		04279A5C22AE7B9D00CA48F0 /* Release */ = {
			isa = XCBuildConfiguration;
			buildSettings = {
				ALWAYS_EMBED_SWIFT_STANDARD_LIBRARIES = YES;
				BUNDLE_LOADER = "$(TEST_HOST)";
				CODE_SIGN_STYLE = Automatic;
				DEVELOPMENT_TEAM = 637TH2TD7Z;
				INFOPLIST_FILE = "Nasty PumpkinsTests/Info.plist";
				LD_RUNPATH_SEARCH_PATHS = (
					"$(inherited)",
					"@executable_path/Frameworks",
					"@loader_path/Frameworks",
				);
				PRODUCT_BUNDLE_IDENTIFIER = "test.Nasty-PumpkinsTests";
				PRODUCT_NAME = "$(TARGET_NAME)";
				SWIFT_VERSION = 5.0;
				TARGETED_DEVICE_FAMILY = "1,2";
				TEST_HOST = "$(BUILT_PRODUCTS_DIR)/Nasty Pumpkins.app/Nasty Pumpkins";
			};
			name = Release;
		};
		04279A5E22AE7B9D00CA48F0 /* Debug */ = {
			isa = XCBuildConfiguration;
			buildSettings = {
				ALWAYS_EMBED_SWIFT_STANDARD_LIBRARIES = YES;
				CODE_SIGN_STYLE = Automatic;
				DEVELOPMENT_TEAM = 637TH2TD7Z;
				INFOPLIST_FILE = "Nasty PumpkinsUITests/Info.plist";
				LD_RUNPATH_SEARCH_PATHS = (
					"$(inherited)",
					"@executable_path/Frameworks",
					"@loader_path/Frameworks",
				);
				PRODUCT_BUNDLE_IDENTIFIER = "test.Nasty-PumpkinsUITests";
				PRODUCT_NAME = "$(TARGET_NAME)";
				SWIFT_VERSION = 5.0;
				TARGETED_DEVICE_FAMILY = "1,2";
				TEST_TARGET_NAME = "Nasty Pumpkins";
			};
			name = Debug;
		};
		04279A5F22AE7B9D00CA48F0 /* Release */ = {
			isa = XCBuildConfiguration;
			buildSettings = {
				ALWAYS_EMBED_SWIFT_STANDARD_LIBRARIES = YES;
				CODE_SIGN_STYLE = Automatic;
				DEVELOPMENT_TEAM = 637TH2TD7Z;
				INFOPLIST_FILE = "Nasty PumpkinsUITests/Info.plist";
				LD_RUNPATH_SEARCH_PATHS = (
					"$(inherited)",
					"@executable_path/Frameworks",
					"@loader_path/Frameworks",
				);
				PRODUCT_BUNDLE_IDENTIFIER = "test.Nasty-PumpkinsUITests";
				PRODUCT_NAME = "$(TARGET_NAME)";
				SWIFT_VERSION = 5.0;
				TARGETED_DEVICE_FAMILY = "1,2";
				TEST_TARGET_NAME = "Nasty Pumpkins";
			};
			name = Release;
		};
/* End XCBuildConfiguration section */

/* Begin XCConfigurationList section */
		04279A2A22AE7B9C00CA48F0 /* Build configuration list for PBXProject "Nasty Pumpkins" */ = {
			isa = XCConfigurationList;
			buildConfigurations = (
				04279A5522AE7B9D00CA48F0 /* Debug */,
				04279A5622AE7B9D00CA48F0 /* Release */,
			);
			defaultConfigurationIsVisible = 0;
			defaultConfigurationName = Release;
		};
		04279A5722AE7B9D00CA48F0 /* Build configuration list for PBXNativeTarget "Nasty Pumpkins" */ = {
			isa = XCConfigurationList;
			buildConfigurations = (
				04279A5822AE7B9D00CA48F0 /* Debug */,
				04279A5922AE7B9D00CA48F0 /* Release */,
			);
			defaultConfigurationIsVisible = 0;
			defaultConfigurationName = Release;
		};
		04279A5A22AE7B9D00CA48F0 /* Build configuration list for PBXNativeTarget "Nasty PumpkinsTests" */ = {
			isa = XCConfigurationList;
			buildConfigurations = (
				04279A5B22AE7B9D00CA48F0 /* Debug */,
				04279A5C22AE7B9D00CA48F0 /* Release */,
			);
			defaultConfigurationIsVisible = 0;
			defaultConfigurationName = Release;
		};
		04279A5D22AE7B9D00CA48F0 /* Build configuration list for PBXNativeTarget "Nasty PumpkinsUITests" */ = {
			isa = XCConfigurationList;
			buildConfigurations = (
				04279A5E22AE7B9D00CA48F0 /* Debug */,
				04279A5F22AE7B9D00CA48F0 /* Release */,
			);
			defaultConfigurationIsVisible = 0;
			defaultConfigurationName = Release;
		};
/* End XCConfigurationList section */
	};
	rootObject = 04279A2722AE7B9C00CA48F0 /* Project object */;
}
